
Microsoft Visual Studio Solution File, Format Version 12.00
# Visual Studio Version 17
VisualStudioVersion = 17.0.31903.59
MinimumVisualStudioVersion = 10.0.40219.1
Project("{FAE04EC0-301F-11D3-BF4B-00C04F79EFBC}") = "ValuesAndReferences", "ValuesAndReferences\ValuesAndReferences.csproj", "{F6854738-75F8-4349-8D6B-365653CFCD61}"
EndProject
Project("{FAE04EC0-301F-11D3-BF4B-00C04F79EFBC}") = "Tempo", "Tempo\Tempo.csproj", "{D91AD700-73F5-4A17-9F91-3EA8CC752B27}"
EndProject
Project("{FAE04EC0-301F-11D3-BF4B-00C04F79EFBC}") = "RandomTest", "RandomTest\RandomTest.csproj", "{A96E8F96-A402-4B87-BADB-8C0EDC718A1D}"
EndProject
Project("{FAE04EC0-301F-11D3-BF4B-00C04F79EFBC}") = "RandomDice", "RandomDice\RandomDice.csproj", "{FDC94ECE-0D30-48E0-B8A3-F86BB782AD24}"
EndProject
Project("{FAE04EC0-301F-11D3-BF4B-00C04F79EFBC}") = "UpperUnion", "UpperUnion\UpperUnion.csproj", "{56658B70-058F-4D7F-B5EC-51FC7B224233}"
EndProject
Global
	GlobalSection(SolutionConfigurationPlatforms) = preSolution
		Debug|Any CPU = Debug|Any CPU
		Release|Any CPU = Release|Any CPU
	EndGlobalSection
	GlobalSection(SolutionProperties) = preSolution
		HideSolutionNode = FALSE
	EndGlobalSection
	GlobalSection(ProjectConfigurationPlatforms) = postSolution
		{F6854738-75F8-4349-8D6B-365653CFCD61}.Debug|Any CPU.ActiveCfg = Debug|Any CPU
		{F6854738-75F8-4349-8D6B-365653CFCD61}.Debug|Any CPU.Build.0 = Debug|Any CPU
		{F6854738-75F8-4349-8D6B-365653CFCD61}.Release|Any CPU.ActiveCfg = Release|Any CPU
		{F6854738-75F8-4349-8D6B-365653CFCD61}.Release|Any CPU.Build.0 = Release|Any CPU
		{D91AD700-73F5-4A17-9F91-3EA8CC752B27}.Debug|Any CPU.ActiveCfg = Debug|Any CPU
		{D91AD700-73F5-4A17-9F91-3EA8CC752B27}.Debug|Any CPU.Build.0 = Debug|Any CPU
		{D91AD700-73F5-4A17-9F91-3EA8CC752B27}.Release|Any CPU.ActiveCfg = Release|Any CPU
		{D91AD700-73F5-4A17-9F91-3EA8CC752B27}.Release|Any CPU.Build.0 = Release|Any CPU
		{A96E8F96-A402-4B87-BADB-8C0EDC718A1D}.Debug|Any CPU.ActiveCfg = Debug|Any CPU
		{A96E8F96-A402-4B87-BADB-8C0EDC718A1D}.Debug|Any CPU.Build.0 = Debug|Any CPU
		{A96E8F96-A402-4B87-BADB-8C0EDC718A1D}.Release|Any CPU.ActiveCfg = Release|Any CPU
		{A96E8F96-A402-4B87-BADB-8C0EDC718A1D}.Release|Any CPU.Build.0 = Release|Any CPU
		{FDC94ECE-0D30-48E0-B8A3-F86BB782AD24}.Debug|Any CPU.ActiveCfg = Debug|Any CPU
		{FDC94ECE-0D30-48E0-B8A3-F86BB782AD24}.Debug|Any CPU.Build.0 = Debug|Any CPU
		{FDC94ECE-0D30-48E0-B8A3-F86BB782AD24}.Release|Any CPU.ActiveCfg = Release|Any CPU
		{FDC94ECE-0D30-48E0-B8A3-F86BB782AD24}.Release|Any CPU.Build.0 = Release|Any CPU
		{56658B70-058F-4D7F-B5EC-51FC7B224233}.Debug|Any CPU.ActiveCfg = Debug|Any CPU
		{56658B70-058F-4D7F-B5EC-51FC7B224233}.Debug|Any CPU.Build.0 = Debug|Any CPU
		{56658B70-058F-4D7F-B5EC-51FC7B224233}.Release|Any CPU.ActiveCfg = Release|Any CPU
		{56658B70-058F-4D7F-B5EC-51FC7B224233}.Release|Any CPU.Build.0 = Release|Any CPU
	EndGlobalSection
EndGlobal
